{
    "format_version": "1.2",
    "terraform_version": "1.11.4",
    "planned_values": {
      "root_module": {
        "resources": [
          {
            "address": "aws_s3_bucket.bucket_with_tag",
            "mode": "managed",
            "type": "aws_s3_bucket",
            "name": "bucket_with_tag",
            "provider_name": "registry.terraform.io/hashicorp/aws",
            "schema_version": 0,
            "values": {
              "bucket": "my-bucket-with-tag",
              "force_destroy": false,
              "tags": { "a": "true" },
              "tags_all": { "a": "true" },
              "timeouts": null
            },
            "sensitive_values": {
              "cors_rule": [],
              "grant": [],
              "lifecycle_rule": [],
              "logging": [],
              "object_lock_configuration": [],
              "replication_configuration": [],
              "server_side_encryption_configuration": [],
              "tags": {},
              "tags_all": {},
              "versioning": [],
              "website": []
            }
          },
          {
            "address": "aws_s3_bucket.bucket_without_tag",
            "mode": "managed",
            "type": "aws_s3_bucket",
            "name": "bucket_without_tag",
            "provider_name": "registry.terraform.io/hashicorp/aws",
            "schema_version": 0,
            "values": {
              "bucket": "my-bucket-without-tag",
              "force_destroy": false,
              "tags": null,
              "timeouts": null
            },
            "sensitive_values": {
              "cors_rule": [],
              "grant": [],
              "lifecycle_rule": [],
              "logging": [],
              "object_lock_configuration": [],
              "replication_configuration": [],
              "server_side_encryption_configuration": [],
              "tags_all": {},
              "versioning": [],
              "website": []
            }
          }
        ]
      }
    },
    "resource_changes": [
      {
        "address": "aws_s3_bucket.bucket_with_tag",
        "mode": "managed",
        "type": "aws_s3_bucket",
        "name": "bucket_with_tag",
        "provider_name": "registry.terraform.io/hashicorp/aws",
        "change": {
          "actions": ["create"],
          "before": null,
          "after": {
            "bucket": "my-bucket-with-tag",
            "force_destroy": false,
            "tags": { "a": "true" },
            "tags_all": { "a": "true" },
            "timeouts": null
          },
          "after_unknown": {
            "acceleration_status": true,
            "acl": true,
            "arn": true,
            "bucket_domain_name": true,
            "bucket_prefix": true,
            "bucket_regional_domain_name": true,
            "cors_rule": true,
            "grant": true,
            "hosted_zone_id": true,
            "id": true,
            "lifecycle_rule": true,
            "logging": true,
            "object_lock_configuration": true,
            "object_lock_enabled": true,
            "policy": true,
            "region": true,
            "replication_configuration": true,
            "request_payer": true,
            "server_side_encryption_configuration": true,
            "tags": {},
            "tags_all": {},
            "versioning": true,
            "website": true,
            "website_domain": true,
            "website_endpoint": true
          },
          "before_sensitive": false,
          "after_sensitive": {
            "cors_rule": [],
            "grant": [],
            "lifecycle_rule": [],
            "logging": [],
            "object_lock_configuration": [],
            "replication_configuration": [],
            "server_side_encryption_configuration": [],
            "tags": {},
            "tags_all": {},
            "versioning": [],
            "website": []
          }
        }
      },
      {
        "address": "aws_s3_bucket.bucket_without_tag",
        "mode": "managed",
        "type": "aws_s3_bucket",
        "name": "bucket_without_tag",
        "provider_name": "registry.terraform.io/hashicorp/aws",
        "change": {
          "actions": ["create"],
          "before": null,
          "after": {
            "bucket": "my-bucket-without-tag",
            "force_destroy": false,
            "tags": null,
            "timeouts": null
          },
          "after_unknown": {
            "acceleration_status": true,
            "acl": true,
            "arn": true,
            "bucket_domain_name": true,
            "bucket_prefix": true,
            "bucket_regional_domain_name": true,
            "cors_rule": true,
            "grant": true,
            "hosted_zone_id": true,
            "id": true,
            "lifecycle_rule": true,
            "logging": true,
            "object_lock_configuration": true,
            "object_lock_enabled": true,
            "policy": true,
            "region": true,
            "replication_configuration": true,
            "request_payer": true,
            "server_side_encryption_configuration": true,
            "tags_all": true,
            "versioning": true,
            "website": true,
            "website_domain": true,
            "website_endpoint": true
          },
          "before_sensitive": false,
          "after_sensitive": {
            "cors_rule": [],
            "grant": [],
            "lifecycle_rule": [],
            "logging": [],
            "object_lock_configuration": [],
            "replication_configuration": [],
            "server_side_encryption_configuration": [],
            "tags_all": {},
            "versioning": [],
            "website": []
          }
        }
      }
    ],
    "configuration": {
      "provider_config": {
        "aws": {
          "name": "aws",
          "full_name": "registry.terraform.io/hashicorp/aws",
          "expressions": { "region": { "constant_value": "us-east-1" } }
        }
      },
      "root_module": {
        "resources": [
          {
            "address": "aws_s3_bucket.bucket_with_tag",
            "mode": "managed",
            "type": "aws_s3_bucket",
            "name": "bucket_with_tag",
            "provider_config_key": "aws",
            "expressions": {
              "bucket": { "constant_value": "my-bucket-with-tag" },
              "tags": { "constant_value": { "a": "true" } }
            },
            "schema_version": 0
          },
          {
            "address": "aws_s3_bucket.bucket_without_tag",
            "mode": "managed",
            "type": "aws_s3_bucket",
            "name": "bucket_without_tag",
            "provider_config_key": "aws",
            "expressions": {
              "bucket": { "constant_value": "my-bucket-without-tag" }
            },
            "schema_version": 0
          }
        ]
      }
    },
    "timestamp": "2025-04-16T08:32:55Z",
    "applyable": true,
    "complete": true,
    "errored": false
  }
  