{
  "format_version": "1.1",
  "terraform_version": "1.4.5",
  "planned_values": {
    "root_module": {
      "resources": [
        {
          "address": "aws_instance.example_c",
          "mode": "managed",
          "type": "aws_instance",
          "name": "example_c",
          "provider_name": "registry.terraform.io/hashicorp/aws",
          "schema_version": 1,
          "values": {
            "ami": "ami-091dab6f23d05f648",
            "credit_specification": [],
            "get_password_data": false,
            "hibernation": null,
            "instance_type": "t2.micro",
            "launch_template": [],
            "source_dest_check": true,
            "tags": null,
            "timeouts": null,
            "user_data_replace_on_change": false,
            "volume_tags": null
          },
          "sensitive_values": {
            "capacity_reservation_specification": [],
            "credit_specification": [],
            "ebs_block_device": [],
            "enclave_options": [],
            "ephemeral_block_device": [],
            "ipv6_addresses": [],
            "launch_template": [],
            "maintenance_options": [],
            "metadata_options": [],
            "network_interface": [],
            "private_dns_name_options": [],
            "root_block_device": [],
            "secondary_private_ips": [],
            "security_groups": [],
            "tags_all": {},
            "vpc_security_group_ids": []
          }
        },
        {
          "address": "aws_s3_bucket.example",
          "mode": "managed",
          "type": "aws_s3_bucket",
          "name": "example",
          "provider_name": "registry.terraform.io/hashicorp/aws",
          "schema_version": 0,
          "values": {
            "force_destroy": false,
            "tags": null,
            "timeouts": null
          },
          "sensitive_values": {
            "cors_rule": [],
            "grant": [],
            "lifecycle_rule": [],
            "logging": [],
            "object_lock_configuration": [],
            "replication_configuration": [],
            "server_side_encryption_configuration": [],
            "tags_all": {},
            "versioning": [],
            "website": []
          }
        }
      ],
      "child_modules": [
        {
          "resources": [
            {
              "address": "module.example_sqs_queue.aws_sqs_queue.this[0]",
              "mode": "managed",
              "type": "aws_sqs_queue",
              "name": "this",
              "index": 0,
              "provider_name": "registry.terraform.io/hashicorp/aws",
              "schema_version": 0,
              "values": {
                "content_based_deduplication": false,
                "delay_seconds": 0,
                "fifo_queue": false,
                "kms_data_key_reuse_period_seconds": 300,
                "kms_master_key_id": null,
                "max_message_size": 262144,
                "message_retention_seconds": 345600,
                "policy": "",
                "receive_wait_time_seconds": 0,
                "tags": null,
                "visibility_timeout_seconds": 30
              },
              "sensitive_values": {
                "tags_all": {}
              }
            },
            {
              "address": "module.example_sqs_queue.data.aws_arn.this[0]",
              "mode": "data",
              "type": "aws_arn",
              "name": "this",
              "index": 0,
              "provider_name": "registry.terraform.io/hashicorp/aws",
              "schema_version": 0,
              "sensitive_values": {}
            }
          ],
          "address": "module.example_sqs_queue"
        }
      ]
    }
  },
  "resource_changes": [
    {
      "address": "aws_instance.example_c",
      "mode": "managed",
      "type": "aws_instance",
      "name": "example_c",
      "provider_name": "registry.terraform.io/hashicorp/aws",
      "change": {
        "actions": [
          "create"
        ],
        "before": null,
        "after": {
          "ami": "ami-091dab6f23d05f648",
          "credit_specification": [],
          "get_password_data": false,
          "hibernation": null,
          "instance_type": "t2.micro",
          "launch_template": [],
          "source_dest_check": true,
          "tags": null,
          "timeouts": null,
          "user_data_replace_on_change": false,
          "volume_tags": null
        },
        "after_unknown": {
          "arn": true,
          "associate_public_ip_address": true,
          "availability_zone": true,
          "capacity_reservation_specification": true,
          "cpu_core_count": true,
          "cpu_threads_per_core": true,
          "credit_specification": [],
          "disable_api_stop": true,
          "disable_api_termination": true,
          "ebs_block_device": true,
          "ebs_optimized": true,
          "enclave_options": true,
          "ephemeral_block_device": true,
          "host_id": true,
          "host_resource_group_arn": true,
          "iam_instance_profile": true,
          "id": true,
          "instance_initiated_shutdown_behavior": true,
          "instance_state": true,
          "ipv6_address_count": true,
          "ipv6_addresses": true,
          "key_name": true,
          "launch_template": [],
          "maintenance_options": true,
          "metadata_options": true,
          "monitoring": true,
          "network_interface": true,
          "outpost_arn": true,
          "password_data": true,
          "placement_group": true,
          "placement_partition_number": true,
          "primary_network_interface_id": true,
          "private_dns": true,
          "private_dns_name_options": true,
          "private_ip": true,
          "public_dns": true,
          "public_ip": true,
          "root_block_device": true,
          "secondary_private_ips": true,
          "security_groups": true,
          "subnet_id": true,
          "tags_all": true,
          "tenancy": true,
          "user_data": true,
          "user_data_base64": true,
          "vpc_security_group_ids": true
        },
        "before_sensitive": false,
        "after_sensitive": {
          "capacity_reservation_specification": [],
          "credit_specification": [],
          "ebs_block_device": [],
          "enclave_options": [],
          "ephemeral_block_device": [],
          "ipv6_addresses": [],
          "launch_template": [],
          "maintenance_options": [],
          "metadata_options": [],
          "network_interface": [],
          "private_dns_name_options": [],
          "root_block_device": [],
          "secondary_private_ips": [],
          "security_groups": [],
          "tags_all": {},
          "vpc_security_group_ids": []
        }
      }
    },
    {
      "address": "aws_s3_bucket.example",
      "mode": "managed",
      "type": "aws_s3_bucket",
      "name": "example",
      "provider_name": "registry.terraform.io/hashicorp/aws",
      "change": {
        "actions": [
          "create"
        ],
        "before": null,
        "after": {
          "force_destroy": false,
          "tags": null,
          "timeouts": null
        },
        "after_unknown": {
          "acceleration_status": true,
          "acl": true,
          "arn": true,
          "bucket": true,
          "bucket_domain_name": true,
          "bucket_prefix": true,
          "bucket_regional_domain_name": true,
          "cors_rule": true,
          "grant": true,
          "hosted_zone_id": true,
          "id": true,
          "lifecycle_rule": true,
          "logging": true,
          "object_lock_configuration": true,
          "object_lock_enabled": true,
          "policy": true,
          "region": true,
          "replication_configuration": true,
          "request_payer": true,
          "server_side_encryption_configuration": true,
          "tags_all": true,
          "versioning": true,
          "website": true,
          "website_domain": true,
          "website_endpoint": true
        },
        "before_sensitive": false,
        "after_sensitive": {
          "cors_rule": [],
          "grant": [],
          "lifecycle_rule": [],
          "logging": [],
          "object_lock_configuration": [],
          "replication_configuration": [],
          "server_side_encryption_configuration": [],
          "tags_all": {},
          "versioning": [],
          "website": []
        }
      }
    },
    {
      "address": "module.example_sqs_queue.data.aws_arn.this[0]",
      "module_address": "module.example_sqs_queue",
      "mode": "data",
      "type": "aws_arn",
      "name": "this",
      "index": 0,
      "provider_name": "registry.terraform.io/hashicorp/aws",
      "change": {
        "actions": [
          "read"
        ],
        "before": null,
        "after": {},
        "after_unknown": {
          "account": true,
          "arn": true,
          "id": true,
          "partition": true,
          "region": true,
          "resource": true,
          "service": true
        },
        "before_sensitive": false,
        "after_sensitive": {}
      },
      "action_reason": "read_because_config_unknown"
    },
    {
      "address": "module.example_sqs_queue.aws_sqs_queue.this[0]",
      "module_address": "module.example_sqs_queue",
      "mode": "managed",
      "type": "aws_sqs_queue",
      "name": "this",
      "index": 0,
      "provider_name": "registry.terraform.io/hashicorp/aws",
      "change": {
        "actions": [
          "create"
        ],
        "before": null,
        "after": {
          "content_based_deduplication": false,
          "delay_seconds": 0,
          "fifo_queue": false,
          "kms_data_key_reuse_period_seconds": 300,
          "kms_master_key_id": null,
          "max_message_size": 262144,
          "message_retention_seconds": 345600,
          "policy": "",
          "receive_wait_time_seconds": 0,
          "tags": null,
          "visibility_timeout_seconds": 30
        },
        "after_unknown": {
          "arn": true,
          "deduplication_scope": true,
          "fifo_throughput_limit": true,
          "id": true,
          "name": true,
          "name_prefix": true,
          "redrive_allow_policy": true,
          "redrive_policy": true,
          "sqs_managed_sse_enabled": true,
          "tags_all": true,
          "url": true
        },
        "before_sensitive": false,
        "after_sensitive": {
          "tags_all": {}
        }
      }
    }
  ],
  "prior_state": {
    "format_version": "1.0",
    "terraform_version": "1.4.5",
    "values": {
      "root_module": {
        "resources": [
          {
            "address": "data.aws_ami.amazon_linux",
            "mode": "data",
            "type": "aws_ami",
            "name": "amazon_linux",
            "provider_name": "registry.terraform.io/hashicorp/aws",
            "schema_version": 0,
            "values": {
              "architecture": "x86_64",
              "arn": "arn:aws:ec2:eu-central-1::image/ami-091dab6f23d05f648",
              "block_device_mappings": [
                {
                  "device_name": "/dev/xvda",
                  "ebs": {
                    "delete_on_termination": "true",
                    "encrypted": "false",
                    "iops": "0",
                    "snapshot_id": "snap-02e09a36b47929b28",
                    "throughput": "0",
                    "volume_size": "8",
                    "volume_type": "gp2"
                  },
                  "no_device": "",
                  "virtual_name": ""
                }
              ],
              "boot_mode": "",
              "creation_date": "2023-04-20T19:32:47.000Z",
              "deprecation_time": "2025-04-20T19:32:47.000Z",
              "description": "Amazon Linux 2 AMI 2.0.20230418.0 x86_64 HVM gp2",
              "ena_support": true,
              "executable_users": null,
              "filter": [
                {
                  "name": "name",
                  "values": [
                    "amzn2-ami-hvm-*-x86_64-gp2"
                  ]
                }
              ],
              "hypervisor": "xen",
              "id": "ami-091dab6f23d05f648",
              "image_id": "ami-091dab6f23d05f648",
              "image_location": "amazon/amzn2-ami-hvm-2.0.20230418.0-x86_64-gp2",
              "image_owner_alias": "amazon",
              "image_type": "machine",
              "imds_support": "",
              "include_deprecated": false,
              "kernel_id": "",
              "most_recent": true,
              "name": "amzn2-ami-hvm-2.0.20230418.0-x86_64-gp2",
              "name_regex": null,
              "owner_id": "137112412989",
              "owners": [
                "amazon"
              ],
              "platform": "",
              "platform_details": "Linux/UNIX",
              "product_codes": [],
              "public": true,
              "ramdisk_id": "",
              "root_device_name": "/dev/xvda",
              "root_device_type": "ebs",
              "root_snapshot_id": "snap-02e09a36b47929b28",
              "sriov_net_support": "simple",
              "state": "available",
              "state_reason": {
                "code": "UNSET",
                "message": "UNSET"
              },
              "tags": {},
              "timeouts": null,
              "tpm_support": "",
              "usage_operation": "RunInstances",
              "virtualization_type": "hvm"
            },
            "sensitive_values": {
              "block_device_mappings": [
                {
                  "ebs": {}
                }
              ],
              "filter": [
                {
                  "values": [
                    false
                  ]
                }
              ],
              "owners": [
                false
              ],
              "product_codes": [],
              "state_reason": {},
              "tags": {}
            }
          }
        ]
      }
    }
  },
  "configuration": {
    "provider_config": {
      "aws": {
        "name": "aws",
        "full_name": "registry.terraform.io/hashicorp/aws"
      }
    },
    "root_module": {
      "resources": [
        {
          "address": "aws_instance.example_c",
          "mode": "managed",
          "type": "aws_instance",
          "name": "example_c",
          "provider_config_key": "aws",
          "expressions": {
            "ami": {
              "references": [
                "data.aws_ami.amazon_linux.id",
                "data.aws_ami.amazon_linux"
              ]
            },
            "instance_type": {
              "constant_value": "t2.micro"
            }
          },
          "schema_version": 1,
          "depends_on": [
            "aws_s3_bucket.example"
          ]
        },
        {
          "address": "aws_s3_bucket.example",
          "mode": "managed",
          "type": "aws_s3_bucket",
          "name": "example",
          "provider_config_key": "aws",
          "schema_version": 0
        },
        {
          "address": "data.aws_ami.amazon_linux",
          "mode": "data",
          "type": "aws_ami",
          "name": "amazon_linux",
          "provider_config_key": "aws",
          "expressions": {
            "filter": [
              {
                "name": {
                  "constant_value": "name"
                },
                "values": {
                  "constant_value": [
                    "amzn2-ami-hvm-*-x86_64-gp2"
                  ]
                }
              }
            ],
            "most_recent": {
              "constant_value": true
            },
            "owners": {
              "constant_value": [
                "amazon"
              ]
            }
          },
          "schema_version": 0
        }
      ],
      "module_calls": {
        "example_sqs_queue": {
          "source": "terraform-aws-modules/sqs/aws",
          "module": {
            "outputs": {
              "sqs_queue_arn": {
                "expression": {
                  "references": [
                    "aws_sqs_queue.this"
                  ]
                },
                "description": "The ARN of the SQS queue"
              },
              "sqs_queue_id": {
                "expression": {
                  "references": [
                    "aws_sqs_queue.this"
                  ]
                },
                "description": "The URL for the created Amazon SQS queue"
              },
              "sqs_queue_name": {
                "expression": {
                  "references": [
                    "data.aws_arn.this"
                  ]
                },
                "description": "The name of the SQS queue"
              }
            },
            "resources": [
              {
                "address": "aws_sqs_queue.this",
                "mode": "managed",
                "type": "aws_sqs_queue",
                "name": "this",
                "provider_config_key": "aws",
                "expressions": {
                  "content_based_deduplication": {
                    "references": [
                      "var.content_based_deduplication"
                    ]
                  },
                  "deduplication_scope": {
                    "references": [
                      "var.deduplication_scope"
                    ]
                  },
                  "delay_seconds": {
                    "references": [
                      "var.delay_seconds"
                    ]
                  },
                  "fifo_queue": {
                    "references": [
                      "var.fifo_queue"
                    ]
                  },
                  "fifo_throughput_limit": {
                    "references": [
                      "var.fifo_throughput_limit"
                    ]
                  },
                  "kms_data_key_reuse_period_seconds": {
                    "references": [
                      "var.kms_data_key_reuse_period_seconds"
                    ]
                  },
                  "kms_master_key_id": {
                    "references": [
                      "var.kms_master_key_id"
                    ]
                  },
                  "max_message_size": {
                    "references": [
                      "var.max_message_size"
                    ]
                  },
                  "message_retention_seconds": {
                    "references": [
                      "var.message_retention_seconds"
                    ]
                  },
                  "name": {
                    "references": [
                      "var.name"
                    ]
                  },
                  "name_prefix": {
                    "references": [
                      "var.name_prefix"
                    ]
                  },
                  "policy": {
                    "references": [
                      "var.policy"
                    ]
                  },
                  "receive_wait_time_seconds": {
                    "references": [
                      "var.receive_wait_time_seconds"
                    ]
                  },
                  "redrive_allow_policy": {
                    "references": [
                      "var.redrive_allow_policy"
                    ]
                  },
                  "redrive_policy": {
                    "references": [
                      "var.redrive_policy"
                    ]
                  },
                  "tags": {
                    "references": [
                      "var.tags"
                    ]
                  },
                  "visibility_timeout_seconds": {
                    "references": [
                      "var.visibility_timeout_seconds"
                    ]
                  }
                },
                "schema_version": 0,
                "count_expression": {
                  "references": [
                    "var.create"
                  ]
                }
              },
              {
                "address": "data.aws_arn.this",
                "mode": "data",
                "type": "aws_arn",
                "name": "this",
                "provider_config_key": "aws",
                "expressions": {
                  "arn": {
                    "references": [
                      "aws_sqs_queue.this[0].arn",
                      "aws_sqs_queue.this[0]",
                      "aws_sqs_queue.this"
                    ]
                  }
                },
                "schema_version": 0,
                "count_expression": {
                  "references": [
                    "var.create"
                  ]
                }
              }
            ],
            "variables": {
              "content_based_deduplication": {
                "default": false,
                "description": "Enables content-based deduplication for FIFO queues"
              },
              "create": {
                "default": true,
                "description": "Whether to create SQS queue"
              },
              "deduplication_scope": {
                "default": null,
                "description": "Specifies whether message deduplication occurs at the message group or queue level"
              },
              "delay_seconds": {
                "default": 0,
                "description": "The time in seconds that the delivery of all messages in the queue will be delayed. An integer from 0 to 900 (15 minutes)"
              },
              "fifo_queue": {
                "default": false,
                "description": "Boolean designating a FIFO queue"
              },
              "fifo_throughput_limit": {
                "default": null,
                "description": "Specifies whether the FIFO queue throughput quota applies to the entire queue or per message group"
              },
              "kms_data_key_reuse_period_seconds": {
                "default": 300,
                "description": "The length of time, in seconds, for which Amazon SQS can reuse a data key to encrypt or decrypt messages before calling AWS KMS again. An integer representing seconds, between 60 seconds (1 minute) and 86,400 seconds (24 hours)"
              },
              "kms_master_key_id": {
                "default": null,
                "description": "The ID of an AWS-managed customer master key (CMK) for Amazon SQS or a custom CMK"
              },
              "max_message_size": {
                "default": 262144,
                "description": "The limit of how many bytes a message can contain before Amazon SQS rejects it. An integer from 1024 bytes (1 KiB) up to 262144 bytes (256 KiB)"
              },
              "message_retention_seconds": {
                "default": 345600,
                "description": "The number of seconds Amazon SQS retains a message. Integer representing seconds, from 60 (1 minute) to 1209600 (14 days)"
              },
              "name": {
                "default": null,
                "description": "This is the human-readable name of the queue. If omitted, Terraform will assign a random name."
              },
              "name_prefix": {
                "default": null,
                "description": "A unique name beginning with the specified prefix."
              },
              "policy": {
                "default": "",
                "description": "The JSON policy for the SQS queue"
              },
              "receive_wait_time_seconds": {
                "default": 0,
                "description": "The time for which a ReceiveMessage call will wait for a message to arrive (long polling) before returning. An integer from 0 to 20 (seconds)"
              },
              "redrive_allow_policy": {
                "default": "",
                "description": "The JSON policy to set up the Dead Letter Queue redrive permission, see AWS docs."
              },
              "redrive_policy": {
                "default": "",
                "description": "The JSON policy to set up the Dead Letter Queue, see AWS docs. Note: when specifying maxReceiveCount, you must specify it as an integer (5), and not a string (\"5\")"
              },
              "tags": {
                "default": {},
                "description": "A mapping of tags to assign to all resources"
              },
              "visibility_timeout_seconds": {
                "default": 30,
                "description": "The visibility timeout for the queue. An integer from 0 to 43200 (12 hours)"
              }
            }
          },
          "version_constraint": "3.3.0",
          "depends_on": [
            "aws_s3_bucket.example",
            "aws_instance.example_c"
          ]
        }
      }
    }
  },
  "relevant_attributes": [
    {
      "resource": "data.aws_ami.amazon_linux",
      "attribute": [
        "id"
      ]
    },
    {
      "resource": "module.example_sqs_queue.aws_sqs_queue.this[0]",
      "attribute": [
        "arn"
      ]
    },
    {
      "resource": "module.example_sqs_queue.aws_sqs_queue.this",
      "attribute": []
    },
    {
      "resource": "module.example_sqs_queue.data.aws_arn.this",
      "attribute": []
    }
  ]
}
