{
  "format_version": "1.1",
  "terraform_version": "1.4.5",
  "planned_values": {
    "root_module": {
      "resources": [
        {
          "address": "aws_elb.terra-elb",
          "mode": "managed",
          "type": "aws_elb",
          "name": "terra-elb",
          "provider_name": "registry.terraform.io/hashicorp/aws",
          "schema_version": 0,
          "values": {
            "access_logs": [],
            "connection_draining": true,
            "connection_draining_timeout": 300,
            "cross_zone_load_balancing": true,
            "desync_mitigation_mode": "defensive",
            "health_check": [
              {
                "healthy_threshold": 2,
                "interval": 30,
                "target": "HTTP:80/index.html",
                "timeout": 3,
                "unhealthy_threshold": 2
              }
            ],
            "idle_timeout": 100,
            "listener": [
              {
                "instance_port": 80,
                "instance_protocol": "http",
                "lb_port": 80,
                "lb_protocol": "http",
                "ssl_certificate_id": ""
              }
            ],
            "name": "terra-elb",
            "name_prefix": null,
            "tags": {
              "Name": "terraform-elb"
            },
            "tags_all": {
              "Name": "terraform-elb"
            }
          },
          "sensitive_values": {
            "access_logs": [],
            "availability_zones": [],
            "health_check": [
              {}
            ],
            "instances": [],
            "listener": [
              {}
            ],
            "security_groups": [],
            "subnets": [],
            "tags": {},
            "tags_all": {}
          }
        },
        {
          "address": "aws_elb.without_secgroup",
          "mode": "managed",
          "type": "aws_elb",
          "name": "without_secgroup",
          "provider_name": "registry.terraform.io/hashicorp/aws",
          "schema_version": 0,
          "values": {
            "access_logs": [],
            "connection_draining": true,
            "connection_draining_timeout": 300,
            "cross_zone_load_balancing": true,
            "desync_mitigation_mode": "defensive",
            "health_check": [
              {
                "healthy_threshold": 2,
                "interval": 30,
                "target": "HTTP:80/index.html",
                "timeout": 3,
                "unhealthy_threshold": 2
              }
            ],
            "idle_timeout": 100,
            "listener": [
              {
                "instance_port": 80,
                "instance_protocol": "http",
                "lb_port": 80,
                "lb_protocol": "http",
                "ssl_certificate_id": ""
              }
            ],
            "name": "terra-elb",
            "name_prefix": null,
            "tags": {
              "Name": "terraform-elb"
            },
            "tags_all": {
              "Name": "terraform-elb"
            }
          },
          "sensitive_values": {
            "access_logs": [],
            "availability_zones": [],
            "health_check": [
              {}
            ],
            "instances": [],
            "listener": [
              {}
            ],
            "security_groups": [],
            "subnets": [],
            "tags": {},
            "tags_all": {}
          }
        },
        {
          "address": "aws_security_group.webservers",
          "mode": "managed",
          "type": "aws_security_group",
          "name": "webservers",
          "provider_name": "registry.terraform.io/hashicorp/aws",
          "schema_version": 1,
          "values": {
            "description": "Allow http inbound traffic",
            "egress": [
              {
                "cidr_blocks": [
                  "0.0.0.0/0"
                ],
                "description": "",
                "from_port": 0,
                "ipv6_cidr_blocks": [],
                "prefix_list_ids": [],
                "protocol": "-1",
                "security_groups": [],
                "self": false,
                "to_port": 0
              }
            ],
            "ingress": [
              {
                "cidr_blocks": [
                  "0.0.0.0/0"
                ],
                "description": "",
                "from_port": 80,
                "ipv6_cidr_blocks": [],
                "prefix_list_ids": [],
                "protocol": "tcp",
                "security_groups": [],
                "self": false,
                "to_port": 80
              }
            ],
            "name": "allow_http",
            "revoke_rules_on_delete": false,
            "tags": null,
            "timeouts": null
          },
          "sensitive_values": {
            "egress": [
              {
                "cidr_blocks": [
                  false
                ],
                "ipv6_cidr_blocks": [],
                "prefix_list_ids": [],
                "security_groups": []
              }
            ],
            "ingress": [
              {
                "cidr_blocks": [
                  false
                ],
                "ipv6_cidr_blocks": [],
                "prefix_list_ids": [],
                "security_groups": []
              }
            ],
            "tags_all": {}
          }
        },
        {
          "address": "aws_vpc.terra_vpc",
          "mode": "managed",
          "type": "aws_vpc",
          "name": "terra_vpc",
          "provider_name": "registry.terraform.io/hashicorp/aws",
          "schema_version": 1,
          "values": {
            "assign_generated_ipv6_cidr_block": null,
            "cidr_block": "10.20.0.0/16",
            "enable_dns_support": true,
            "instance_tenancy": "default",
            "ipv4_ipam_pool_id": null,
            "ipv4_netmask_length": null,
            "ipv6_ipam_pool_id": null,
            "ipv6_netmask_length": null,
            "tags": {
              "Name": "TerraVPC"
            },
            "tags_all": {
              "Name": "TerraVPC"
            }
          },
          "sensitive_values": {
            "tags": {},
            "tags_all": {}
          }
        }
      ]
    }
  },
  "resource_changes": [
    {
      "address": "aws_elb.terra-elb",
      "mode": "managed",
      "type": "aws_elb",
      "name": "terra-elb",
      "provider_name": "registry.terraform.io/hashicorp/aws",
      "change": {
        "actions": [
          "create"
        ],
        "before": null,
        "after": {
          "access_logs": [],
          "connection_draining": true,
          "connection_draining_timeout": 300,
          "cross_zone_load_balancing": true,
          "desync_mitigation_mode": "defensive",
          "health_check": [
            {
              "healthy_threshold": 2,
              "interval": 30,
              "target": "HTTP:80/index.html",
              "timeout": 3,
              "unhealthy_threshold": 2
            }
          ],
          "idle_timeout": 100,
          "listener": [
            {
              "instance_port": 80,
              "instance_protocol": "http",
              "lb_port": 80,
              "lb_protocol": "http",
              "ssl_certificate_id": ""
            }
          ],
          "name": "terra-elb",
          "name_prefix": null,
          "tags": {
            "Name": "terraform-elb"
          },
          "tags_all": {
            "Name": "terraform-elb"
          }
        },
        "after_unknown": {
          "access_logs": [],
          "arn": true,
          "availability_zones": true,
          "dns_name": true,
          "health_check": [
            {}
          ],
          "id": true,
          "instances": true,
          "internal": true,
          "listener": [
            {}
          ],
          "security_groups": true,
          "source_security_group": true,
          "source_security_group_id": true,
          "subnets": true,
          "tags": {},
          "tags_all": {},
          "zone_id": true
        },
        "before_sensitive": false,
        "after_sensitive": {
          "access_logs": [],
          "availability_zones": [],
          "health_check": [
            {}
          ],
          "instances": [],
          "listener": [
            {}
          ],
          "security_groups": [],
          "subnets": [],
          "tags": {},
          "tags_all": {}
        }
      }
    },
    {
      "address": "aws_elb.without_secgroup",
      "mode": "managed",
      "type": "aws_elb",
      "name": "without_secgroup",
      "provider_name": "registry.terraform.io/hashicorp/aws",
      "change": {
        "actions": [
          "create"
        ],
        "before": null,
        "after": {
          "access_logs": [],
          "connection_draining": true,
          "connection_draining_timeout": 300,
          "cross_zone_load_balancing": true,
          "desync_mitigation_mode": "defensive",
          "health_check": [
            {
              "healthy_threshold": 2,
              "interval": 30,
              "target": "HTTP:80/index.html",
              "timeout": 3,
              "unhealthy_threshold": 2
            }
          ],
          "idle_timeout": 100,
          "listener": [
            {
              "instance_port": 80,
              "instance_protocol": "http",
              "lb_port": 80,
              "lb_protocol": "http",
              "ssl_certificate_id": ""
            }
          ],
          "name": "terra-elb",
          "name_prefix": null,
          "tags": {
            "Name": "terraform-elb"
          },
          "tags_all": {
            "Name": "terraform-elb"
          }
        },
        "after_unknown": {
          "access_logs": [],
          "arn": true,
          "availability_zones": true,
          "dns_name": true,
          "health_check": [
            {}
          ],
          "id": true,
          "instances": true,
          "internal": true,
          "listener": [
            {}
          ],
          "security_groups": true,
          "source_security_group": true,
          "source_security_group_id": true,
          "subnets": true,
          "tags": {},
          "tags_all": {},
          "zone_id": true
        },
        "before_sensitive": false,
        "after_sensitive": {
          "access_logs": [],
          "availability_zones": [],
          "health_check": [
            {}
          ],
          "instances": [],
          "listener": [
            {}
          ],
          "security_groups": [],
          "subnets": [],
          "tags": {},
          "tags_all": {}
        }
      }
    },
    {
      "address": "aws_security_group.webservers",
      "mode": "managed",
      "type": "aws_security_group",
      "name": "webservers",
      "provider_name": "registry.terraform.io/hashicorp/aws",
      "change": {
        "actions": [
          "create"
        ],
        "before": null,
        "after": {
          "description": "Allow http inbound traffic",
          "egress": [
            {
              "cidr_blocks": [
                "0.0.0.0/0"
              ],
              "description": "",
              "from_port": 0,
              "ipv6_cidr_blocks": [],
              "prefix_list_ids": [],
              "protocol": "-1",
              "security_groups": [],
              "self": false,
              "to_port": 0
            }
          ],
          "ingress": [
            {
              "cidr_blocks": [
                "0.0.0.0/0"
              ],
              "description": "",
              "from_port": 80,
              "ipv6_cidr_blocks": [],
              "prefix_list_ids": [],
              "protocol": "tcp",
              "security_groups": [],
              "self": false,
              "to_port": 80
            }
          ],
          "name": "allow_http",
          "revoke_rules_on_delete": false,
          "tags": null,
          "timeouts": null
        },
        "after_unknown": {
          "arn": true,
          "egress": [
            {
              "cidr_blocks": [
                false
              ],
              "ipv6_cidr_blocks": [],
              "prefix_list_ids": [],
              "security_groups": []
            }
          ],
          "id": true,
          "ingress": [
            {
              "cidr_blocks": [
                false
              ],
              "ipv6_cidr_blocks": [],
              "prefix_list_ids": [],
              "security_groups": []
            }
          ],
          "name_prefix": true,
          "owner_id": true,
          "tags_all": true,
          "vpc_id": true
        },
        "before_sensitive": false,
        "after_sensitive": {
          "egress": [
            {
              "cidr_blocks": [
                false
              ],
              "ipv6_cidr_blocks": [],
              "prefix_list_ids": [],
              "security_groups": []
            }
          ],
          "ingress": [
            {
              "cidr_blocks": [
                false
              ],
              "ipv6_cidr_blocks": [],
              "prefix_list_ids": [],
              "security_groups": []
            }
          ],
          "tags_all": {}
        }
      }
    },
    {
      "address": "aws_vpc.terra_vpc",
      "mode": "managed",
      "type": "aws_vpc",
      "name": "terra_vpc",
      "provider_name": "registry.terraform.io/hashicorp/aws",
      "change": {
        "actions": [
          "create"
        ],
        "before": null,
        "after": {
          "assign_generated_ipv6_cidr_block": null,
          "cidr_block": "10.20.0.0/16",
          "enable_dns_support": true,
          "instance_tenancy": "default",
          "ipv4_ipam_pool_id": null,
          "ipv4_netmask_length": null,
          "ipv6_ipam_pool_id": null,
          "ipv6_netmask_length": null,
          "tags": {
            "Name": "TerraVPC"
          },
          "tags_all": {
            "Name": "TerraVPC"
          }
        },
        "after_unknown": {
          "arn": true,
          "default_network_acl_id": true,
          "default_route_table_id": true,
          "default_security_group_id": true,
          "dhcp_options_id": true,
          "enable_classiclink": true,
          "enable_classiclink_dns_support": true,
          "enable_dns_hostnames": true,
          "enable_network_address_usage_metrics": true,
          "id": true,
          "ipv6_association_id": true,
          "ipv6_cidr_block": true,
          "ipv6_cidr_block_network_border_group": true,
          "main_route_table_id": true,
          "owner_id": true,
          "tags": {},
          "tags_all": {}
        },
        "before_sensitive": false,
        "after_sensitive": {
          "tags": {},
          "tags_all": {}
        }
      }
    }
  ],
  "configuration": {
    "provider_config": {
      "aws": {
        "name": "aws",
        "full_name": "registry.terraform.io/hashicorp/aws",
        "expressions": {
          "region": {
            "constant_value": "eu-central-1"
          }
        }
      }
    },
    "root_module": {
      "resources": [
        {
          "address": "aws_elb.terra-elb",
          "mode": "managed",
          "type": "aws_elb",
          "name": "terra-elb",
          "provider_config_key": "aws",
          "expressions": {
            "connection_draining": {
              "constant_value": true
            },
            "connection_draining_timeout": {
              "constant_value": 300
            },
            "cross_zone_load_balancing": {
              "constant_value": true
            },
            "health_check": [
              {
                "healthy_threshold": {
                  "constant_value": 2
                },
                "interval": {
                  "constant_value": 30
                },
                "target": {
                  "constant_value": "HTTP:80/index.html"
                },
                "timeout": {
                  "constant_value": 3
                },
                "unhealthy_threshold": {
                  "constant_value": 2
                }
              }
            ],
            "idle_timeout": {
              "constant_value": 100
            },
            "listener": [
              {
                "instance_port": {
                  "constant_value": 80
                },
                "instance_protocol": {
                  "constant_value": "http"
                },
                "lb_port": {
                  "constant_value": 80
                },
                "lb_protocol": {
                  "constant_value": "http"
                }
              }
            ],
            "name": {
              "constant_value": "terra-elb"
            },
            "security_groups": {
              "references": [
                "aws_security_group.webservers.id",
                "aws_security_group.webservers"
              ]
            },
            "tags": {
              "constant_value": {
                "Name": "terraform-elb"
              }
            }
          },
          "schema_version": 0
        },
        {
          "address": "aws_elb.without_secgroup",
          "mode": "managed",
          "type": "aws_elb",
          "name": "without_secgroup",
          "provider_config_key": "aws",
          "expressions": {
            "connection_draining": {
              "constant_value": true
            },
            "connection_draining_timeout": {
              "constant_value": 300
            },
            "cross_zone_load_balancing": {
              "constant_value": true
            },
            "health_check": [
              {
                "healthy_threshold": {
                  "constant_value": 2
                },
                "interval": {
                  "constant_value": 30
                },
                "target": {
                  "constant_value": "HTTP:80/index.html"
                },
                "timeout": {
                  "constant_value": 3
                },
                "unhealthy_threshold": {
                  "constant_value": 2
                }
              }
            ],
            "idle_timeout": {
              "constant_value": 100
            },
            "listener": [
              {
                "instance_port": {
                  "constant_value": 80
                },
                "instance_protocol": {
                  "constant_value": "http"
                },
                "lb_port": {
                  "constant_value": 80
                },
                "lb_protocol": {
                  "constant_value": "http"
                }
              }
            ],
            "name": {
              "constant_value": "terra-elb"
            },
            "tags": {
              "constant_value": {
                "Name": "terraform-elb"
              }
            }
          },
          "schema_version": 0
        },
        {
          "address": "aws_security_group.webservers",
          "mode": "managed",
          "type": "aws_security_group",
          "name": "webservers",
          "provider_config_key": "aws",
          "expressions": {
            "description": {
              "constant_value": "Allow http inbound traffic"
            },
            "egress": {
              "constant_value": [
                {
                  "cidr_blocks": [
                    "0.0.0.0/0"
                  ],
                  "description": null,
                  "from_port": 0,
                  "ipv6_cidr_blocks": null,
                  "prefix_list_ids": null,
                  "protocol": "-1",
                  "security_groups": null,
                  "self": null,
                  "to_port": 0
                }
              ]
            },
            "ingress": {
              "constant_value": [
                {
                  "cidr_blocks": [
                    "0.0.0.0/0"
                  ],
                  "description": null,
                  "from_port": 80,
                  "ipv6_cidr_blocks": null,
                  "prefix_list_ids": null,
                  "protocol": "tcp",
                  "security_groups": null,
                  "self": null,
                  "to_port": 80
                }
              ]
            },
            "name": {
              "constant_value": "allow_http"
            },
            "vpc_id": {
              "references": [
                "aws_vpc.terra_vpc.id",
                "aws_vpc.terra_vpc"
              ]
            }
          },
          "schema_version": 1
        },
        {
          "address": "aws_vpc.terra_vpc",
          "mode": "managed",
          "type": "aws_vpc",
          "name": "terra_vpc",
          "provider_config_key": "aws",
          "expressions": {
            "cidr_block": {
              "constant_value": "10.20.0.0/16"
            },
            "tags": {
              "constant_value": {
                "Name": "TerraVPC"
              }
            }
          },
          "schema_version": 1
        }
      ]
    }
  },
  "relevant_attributes": [
    {
      "resource": "aws_vpc.terra_vpc",
      "attribute": [
        "id"
      ]
    },
    {
      "resource": "aws_security_group.webservers",
      "attribute": [
        "id"
      ]
    }
  ]
}
