{
  "format_version": "1.1",
  "terraform_version": "1.3.2",
  "planned_values": {
    "root_module": {
      "resources": [
        {
          "address": "aws_s3_bucket.b",
          "mode": "managed",
          "type": "aws_s3_bucket",
          "name": "b",
          "provider_name": "registry.terraform.io/hashicorp/aws",
          "schema_version": 0,
          "values": {
            "bucket": "my-tf-test-bucket",
            "bucket_prefix": null,
            "force_destroy": false,
            "tags": {
              "Environment": "Dev",
              "Name": "My bucket"
            },
            "tags_all": {
              "Environment": "Dev",
              "Name": "My bucket"
            },
            "timeouts": null
          },
          "sensitive_values": {
            "cors_rule": {},
            "grant": {},
            "lifecycle_rule": {},
            "logging": {},
            "object_lock_configuration": {},
            "replication_configuration": {},
            "server_side_encryption_configuration": {},
            "tags": {},
            "tags_all": {},
            "versioning": {},
            "website": {}
          }
        },
        {
          "address": "aws_s3_bucket_acl.example",
          "mode": "managed",
          "type": "aws_s3_bucket_acl",
          "name": "example",
          "provider_name": "registry.terraform.io/hashicorp/aws",
          "schema_version": 0,
          "values": {
            "acl": "private",
            "expected_bucket_owner": null
          },
          "sensitive_values": {
            "access_control_policy": {}
          }
        }
      ]
    }
  },
  "resource_changes": [
    {
      "address": "aws_s3_bucket.b",
      "mode": "managed",
      "type": "aws_s3_bucket",
      "name": "b",
      "provider_name": "registry.terraform.io/hashicorp/aws",
      "change": {
        "actions": ["create"],
        "before": null,
        "after": {
          "bucket": "my-tf-test-bucket",
          "bucket_prefix": null,
          "force_destroy": false,
          "tags": {
            "Environment": "Dev",
            "Name": "My bucket"
          },
          "tags_all": {
            "Environment": "Dev",
            "Name": "My bucket"
          },
          "timeouts": null
        },
        "after_unknown": {
          "acceleration_status": true,
          "acl": true,
          "arn": true,
          "bucket_domain_name": true,
          "bucket_regional_domain_name": true,
          "cors_rule": true,
          "grant": true,
          "hosted_zone_id": true,
          "id": true,
          "lifecycle_rule": true,
          "logging": true,
          "object_lock_configuration": true,
          "object_lock_enabled": true,
          "policy": true,
          "region": true,
          "replication_configuration": true,
          "request_payer": true,
          "server_side_encryption_configuration": true,
          "tags": {},
          "tags_all": {},
          "versioning": true,
          "website": true,
          "website_domain": true,
          "website_endpoint": true
        },
        "before_sensitive": false,
        "after_sensitive": {
          "cors_rule": {},
          "grant": {},
          "lifecycle_rule": {},
          "logging": {},
          "object_lock_configuration": {},
          "replication_configuration": {},
          "server_side_encryption_configuration": {},
          "tags": {},
          "tags_all": {},
          "versioning": {},
          "website": {}
        }
      }
    },
    {
      "address": "aws_s3_bucket_acl.example",
      "mode": "managed",
      "type": "aws_s3_bucket_acl",
      "name": "example",
      "provider_name": "registry.terraform.io/hashicorp/aws",
      "change": {
        "actions": ["create"],
        "before": null,
        "after": {
          "acl": "private",
          "expected_bucket_owner": null
        },
        "after_unknown": {
          "access_control_policy": true,
          "bucket": true,
          "id": true
        },
        "before_sensitive": false,
        "after_sensitive": {
          "access_control_policy": {}
        }
      }
    }
  ],
  "configuration": {
    "provider_config": {
      "aws": {
        "name": "aws",
        "full_name": "registry.terraform.io/hashicorp/aws",
        "expressions": {
          "access_key": {
            "constant_value": ""
          },
          "region": {
            "constant_value": "us-east-1"
          },
          "secret_key": {
            "constant_value": ""
          }
        }
      }
    },
    "root_module": {
      "resources": [
        {
          "address": "aws_s3_bucket.b",
          "mode": "managed",
          "type": "aws_s3_bucket",
          "name": "b",
          "provider_config_key": "aws",
          "expressions": {
            "bucket": {
              "constant_value": "my-tf-test-bucket"
            },
            "tags": {
              "constant_value": {
                "Environment": "Dev",
                "Name": "My bucket"
              }
            }
          },
          "schema_version": 0
        },
        {
          "address": "aws_s3_bucket_acl.example",
          "mode": "managed",
          "type": "aws_s3_bucket_acl",
          "name": "example",
          "provider_config_key": "aws",
          "expressions": {
            "acl": {
              "constant_value": "private"
            },
            "bucket": {
              "references": ["aws_s3_bucket.b.id", "aws_s3_bucket.b"]
            }
          },
          "schema_version": 0
        }
      ]
    }
  },
  "relevant_attributes": [
    {
      "resource": "aws_s3_bucket.b",
      "attribute": ["id"]
    }
  ]
}
