{
    "format_version": "1.1",
    "terraform_version": "1.3.2",
    "planned_values": {
        "root_module": {
            "resources": [
                {
                    "address": "aws_network_acl.main",
                    "mode": "managed",
                    "type": "aws_network_acl",
                    "name": "main",
                    "provider_name": "registry.terraform.io/hashicorp/aws",
                    "schema_version": 0,
                    "values": {
                        "egress": [
                            {
                                "action": "allow",
                                "cidr_block": "10.3.0.0/18",
                                "from_port": 443,
                                "icmp_code": null,
                                "icmp_type": null,
                                "ipv6_cidr_block": "",
                                "protocol": "tcp",
                                "rule_no": 200,
                                "to_port": 443
                            }
                        ],
                        "ingress": [
                            {
                                "action": "allow",
                                "cidr_block": "10.3.0.0/18",
                                "from_port": 80,
                                "icmp_code": null,
                                "icmp_type": null,
                                "ipv6_cidr_block": "",
                                "protocol": "tcp",
                                "rule_no": 100,
                                "to_port": 80
                            }
                        ],
                        "tags": {
                            "Name": "main"
                        },
                        "tags_all": {
                            "Name": "main"
                        },
                        "vpc_id": "vpc-0b9d9c4b5b5b5b5b5"
                    },
                    "sensitive_values": {
                        "egress": [
                            {}
                        ],
                        "ingress": [
                            {}
                        ],
                        "subnet_ids": {},
                        "tags": {},
                        "tags_all": {}
                    }
                }
            ]
        }
    },
    "resource_changes": [
        {
            "address": "aws_network_acl.main",
            "mode": "managed",
            "type": "aws_network_acl",
            "name": "main",
            "provider_name": "registry.terraform.io/hashicorp/aws",
            "change": {
                "actions": [
                    "create"
                ],
                "before": null,
                "after": {
                    "egress": [
                        {
                            "action": "allow",
                            "cidr_block": "10.3.0.0/18",
                            "from_port": 443,
                            "icmp_code": null,
                            "icmp_type": null,
                            "ipv6_cidr_block": "",
                            "protocol": "tcp",
                            "rule_no": 200,
                            "to_port": 443
                        }
                    ],
                    "ingress": [
                        {
                            "action": "allow",
                            "cidr_block": "10.3.0.0/18",
                            "from_port": 80,
                            "icmp_code": null,
                            "icmp_type": null,
                            "ipv6_cidr_block": "",
                            "protocol": "tcp",
                            "rule_no": 100,
                            "to_port": 80
                        }
                    ],
                    "tags": {
                        "Name": "main"
                    },
                    "tags_all": {
                        "Name": "main"
                    },
                    "vpc_id": "vpc-0b9d9c4b5b5b5b5b5"
                },
                "after_unknown": {
                    "arn": true,
                    "egress": [
                        {}
                    ],
                    "id": true,
                    "ingress": [
                        {}
                    ],
                    "owner_id": true,
                    "subnet_ids": true,
                    "tags": {},
                    "tags_all": {}
                },
                "before_sensitive": false,
                "after_sensitive": {
                    "egress": [
                        {}
                    ],
                    "ingress": [
                        {}
                    ],
                    "subnet_ids": {},
                    "tags": {},
                    "tags_all": {}
                }
            }
        }
    ],
    "configuration": {
        "provider_config": {
            "aws": {
                "name": "aws",
                "full_name": "registry.terraform.io/hashicorp/aws",
                "expressions": {
                    "access_key": {
                        "constant_value": ""
                    },
                    "region": {
                        "constant_value": "us-east-1"
                    },
                    "secret_key": {
                        "constant_value": ""
                    }
                }
            }
        },
        "root_module": {
            "resources": [
                {
                    "address": "aws_network_acl.main",
                    "mode": "managed",
                    "type": "aws_network_acl",
                    "name": "main",
                    "provider_config_key": "aws",
                    "expressions": {
                        "egress": {
                            "constant_value": [
                                {
                                    "action": "allow",
                                    "cidr_block": "10.3.0.0/18",
                                    "from_port": 443,
                                    "icmp_code": null,
                                    "icmp_type": null,
                                    "ipv6_cidr_block": null,
                                    "protocol": "tcp",
                                    "rule_no": 200,
                                    "to_port": 443
                                }
                            ]
                        },
                        "ingress": {
                            "constant_value": [
                                {
                                    "action": "allow",
                                    "cidr_block": "10.3.0.0/18",
                                    "from_port": 80,
                                    "icmp_code": null,
                                    "icmp_type": null,
                                    "ipv6_cidr_block": null,
                                    "protocol": "tcp",
                                    "rule_no": 100,
                                    "to_port": 80
                                }
                            ]
                        },
                        "tags": {
                            "constant_value": {
                                "Name": "main"
                            }
                        },
                        "vpc_id": {
                            "constant_value": "vpc-0b9d9c4b5b5b5b5b5"
                        }
                    },
                    "schema_version": 0
                }
            ]
        }
    }
}